{
  "requires": true,
  "lockfileVersion": 1,
  "dependencies": {
    "vinayms16": {
      "version": "1.0.2",
      "resolved": "https://registry.npmjs.org/vinayms16/-/vinayms16-1.0.2.tgz",
      "integrity": "sha512-m/udaTxUipJVFAZu2D4Y0HBbnCOXgjAC2z70oEnDh7/Vh3zH6aIPjs87b47jympiW2g/Ea+aKBPFphFk0dSQ0w=="
    }
  }
}
